
Microsoft Visual Studio Solution File, Format Version 12.00
# Visual Studio 14
VisualStudioVersion = 14.0.25123.0
MinimumVisualStudioVersion = 10.0.40219.1
Project("{D5241F58-A654-4CB3-AD85-3C164E9BA694}") = "Sitecore.Support.312153", "Sitecore.Support.312153\Sitecore.Support.312153.csproj", "{2BEF34FA-4C75-412E-99EC-2E2423D03E34}"
EndProject
Global
	GlobalSection(SolutionConfigurationPlatforms) = preSolution
		Debug|Any CPU = Debug|Any CPU
		Release|Any CPU = Release|Any CPU
	EndGlobalSection
	GlobalSection(ProjectConfigurationPlatforms) = postSolution
		{2BEF34FA-4C75-412E-99EC-2E2423D03E34}.Debug|Any CPU.ActiveCfg = Debug|Any CPU
		{2BEF34FA-4C75-412E-99EC-2E2423D03E34}.Debug|Any CPU.Build.0 = Debug|Any CPU
		{2BEF34FA-4C75-412E-99EC-2E2423D03E34}.Release|Any CPU.ActiveCfg = Release|Any CPU
		{2BEF34FA-4C75-412E-99EC-2E2423D03E34}.Release|Any CPU.Build.0 = Release|Any CPU
	EndGlobalSection
	GlobalSection(SolutionProperties) = preSolution
		HideSolutionNode = FALSE
	EndGlobalSection
EndGlobal
